
Microsoft Visual Studio Solution File, Format Version 12.00
# Visual Studio Version 17
VisualStudioVersion = 17.8.34309.116
MinimumVisualStudioVersion = 10.0.40219.1
Project("{9A19103F-16F7-4668-BE54-9A1E7A4F7556}") = "AptemInputParsingTests", "AptemInputParsingTests\AptemInputParsingTests.csproj", "{8E587821-6F36-42CC-B470-99EE15B66962}"
EndProject
Project("{9A19103F-16F7-4668-BE54-9A1E7A4F7556}") = "AptemInputParsing", "AptemInputParsingConsole\AptemInputParsing.csproj", "{C6F7A648-D1F5-44A1-9753-8B226B3D0056}"
EndProject
Project("{2150E333-8FDC-42A3-9474-1A3956D46DE8}") = "Solution Items", "Solution Items", "{02EBDB28-E370-4B84-82C7-AF1D231A1757}"
	ProjectSection(SolutionItems) = preProject
		Class1.cs = Class1.cs
	EndProjectSection
EndProject
Global
	GlobalSection(SolutionConfigurationPlatforms) = preSolution
		Debug|Any CPU = Debug|Any CPU
		Release|Any CPU = Release|Any CPU
	EndGlobalSection
	GlobalSection(ProjectConfigurationPlatforms) = postSolution
		{8E587821-6F36-42CC-B470-99EE15B66962}.Debug|Any CPU.ActiveCfg = Debug|Any CPU
		{8E587821-6F36-42CC-B470-99EE15B66962}.Debug|Any CPU.Build.0 = Debug|Any CPU
		{8E587821-6F36-42CC-B470-99EE15B66962}.Release|Any CPU.ActiveCfg = Release|Any CPU
		{8E587821-6F36-42CC-B470-99EE15B66962}.Release|Any CPU.Build.0 = Release|Any CPU
		{C6F7A648-D1F5-44A1-9753-8B226B3D0056}.Debug|Any CPU.ActiveCfg = Debug|Any CPU
		{C6F7A648-D1F5-44A1-9753-8B226B3D0056}.Debug|Any CPU.Build.0 = Debug|Any CPU
		{C6F7A648-D1F5-44A1-9753-8B226B3D0056}.Release|Any CPU.ActiveCfg = Release|Any CPU
		{C6F7A648-D1F5-44A1-9753-8B226B3D0056}.Release|Any CPU.Build.0 = Release|Any CPU
	EndGlobalSection
	GlobalSection(SolutionProperties) = preSolution
		HideSolutionNode = FALSE
	EndGlobalSection
	GlobalSection(ExtensibilityGlobals) = postSolution
		SolutionGuid = {DA4A47E3-4548-47C7-9E9A-23C6C21B1273}
	EndGlobalSection
EndGlobal
